
Microsoft Visual Studio Solution File, Format Version 12.00
# Visual Studio Version 16
VisualStudioVersion = 16.0.809.6
MinimumVisualStudioVersion = 10.0.40219.1
Project("{FAE04EC0-301F-11D3-BF4B-00C04F79EFBC}") = "Shooping", "Shooping\Shooping.csproj", "{C77D6A30-E1C0-456E-B63E-5C253C462812}"
EndProject
Global
	GlobalSection(SolutionConfigurationPlatforms) = preSolution
		Debug|Any CPU = Debug|Any CPU
		Release|Any CPU = Release|Any CPU
	EndGlobalSection
	GlobalSection(ProjectConfigurationPlatforms) = postSolution
		{C77D6A30-E1C0-456E-B63E-5C253C462812}.Debug|Any CPU.ActiveCfg = Debug|Any CPU
		{C77D6A30-E1C0-456E-B63E-5C253C462812}.Debug|Any CPU.Build.0 = Debug|Any CPU
		{C77D6A30-E1C0-456E-B63E-5C253C462812}.Release|Any CPU.ActiveCfg = Release|Any CPU
		{C77D6A30-E1C0-456E-B63E-5C253C462812}.Release|Any CPU.Build.0 = Release|Any CPU
	EndGlobalSection
	GlobalSection(SolutionProperties) = preSolution
		HideSolutionNode = FALSE
	EndGlobalSection
	GlobalSection(ExtensibilityGlobals) = postSolution
		SolutionGuid = {E8C2F452-092D-45F5-904F-13157AC72F74}
	EndGlobalSection
EndGlobal
